
Microsoft Visual Studio Solution File, Format Version 12.00
# Visual Studio Version 18
VisualStudioVersion = 18.3.11505.172
MinimumVisualStudioVersion = 10.0.40219.1
Project("{FAE04EC0-301F-11D3-BF4B-00C04F79EFBC}") = "Evently.Api", "src\Evently.Api\Evently.Api.csproj", "{93316936-9D5D-0036-2CA7-AF22AEE8D561}"
EndProject
Project("{2150E333-8FDC-42A3-9474-1A3956D46DE8}") = "src", "src", "{02EA681E-C7D8-13C7-8484-4AC65E1B71E8}"
EndProject
Project("{2150E333-8FDC-42A3-9474-1A3956D46DE8}") = "tests", "tests", "{1C62FA32-35F3-4731-B294-B246D36315E1}"
EndProject
Project("{FAE04EC0-301F-11D3-BF4B-00C04F79EFBC}") = "Evently.Application", "src\Evently.Application\Evently.Application.csproj", "{CF733890-8174-4983-9587-1A003480F9F6}"
EndProject
Project("{FAE04EC0-301F-11D3-BF4B-00C04F79EFBC}") = "Evently.Domain", "src\Evently.Domain\Evently.Domain.csproj", "{05CC6798-57BE-40D4-9A44-BFAB669E70A9}"
EndProject
Project("{FAE04EC0-301F-11D3-BF4B-00C04F79EFBC}") = "Evently.Infrastructure", "src\Evently.Infrastructure\Evently.Infrastructure.csproj", "{414AF9EA-B914-735D-4243-7E263C07E294}"
EndProject
Project("{FAE04EC0-301F-11D3-BF4B-00C04F79EFBC}") = "Evently.Tests", "test\Evently.Tests\Evently.Tests.csproj", "{E8FCD1D3-972D-3D9E-69BF-7DE986A17D2D}"
EndProject
Project("{FAE04EC0-301F-11D3-BF4B-00C04F79EFBC}") = "Evently.Notifications", "src\Evently.Notifications\Evently.Notifications.csproj", "{0AE07B4B-6E16-76A1-BA22-C10A0449E47F}"
EndProject
Project("{2150E333-8FDC-42A3-9474-1A3956D46DE8}") = "build", "build", "{6B9AC2B5-8783-4987-B64E-C61336761D5B}"
	ProjectSection(SolutionItems) = preProject
		build\docker-compose.yaml = build\docker-compose.yaml
	EndProjectSection
EndProject
Global
	GlobalSection(SolutionConfigurationPlatforms) = preSolution
		Debug|Any CPU = Debug|Any CPU
		Release|Any CPU = Release|Any CPU
	EndGlobalSection
	GlobalSection(ProjectConfigurationPlatforms) = postSolution
		{93316936-9D5D-0036-2CA7-AF22AEE8D561}.Debug|Any CPU.ActiveCfg = Debug|Any CPU
		{93316936-9D5D-0036-2CA7-AF22AEE8D561}.Debug|Any CPU.Build.0 = Debug|Any CPU
		{93316936-9D5D-0036-2CA7-AF22AEE8D561}.Release|Any CPU.ActiveCfg = Release|Any CPU
		{93316936-9D5D-0036-2CA7-AF22AEE8D561}.Release|Any CPU.Build.0 = Release|Any CPU
		{CF733890-8174-4983-9587-1A003480F9F6}.Debug|Any CPU.ActiveCfg = Debug|Any CPU
		{CF733890-8174-4983-9587-1A003480F9F6}.Debug|Any CPU.Build.0 = Debug|Any CPU
		{CF733890-8174-4983-9587-1A003480F9F6}.Release|Any CPU.ActiveCfg = Release|Any CPU
		{CF733890-8174-4983-9587-1A003480F9F6}.Release|Any CPU.Build.0 = Release|Any CPU
		{05CC6798-57BE-40D4-9A44-BFAB669E70A9}.Debug|Any CPU.ActiveCfg = Debug|Any CPU
		{05CC6798-57BE-40D4-9A44-BFAB669E70A9}.Debug|Any CPU.Build.0 = Debug|Any CPU
		{05CC6798-57BE-40D4-9A44-BFAB669E70A9}.Release|Any CPU.ActiveCfg = Release|Any CPU
		{05CC6798-57BE-40D4-9A44-BFAB669E70A9}.Release|Any CPU.Build.0 = Release|Any CPU
		{414AF9EA-B914-735D-4243-7E263C07E294}.Debug|Any CPU.ActiveCfg = Debug|Any CPU
		{414AF9EA-B914-735D-4243-7E263C07E294}.Debug|Any CPU.Build.0 = Debug|Any CPU
		{414AF9EA-B914-735D-4243-7E263C07E294}.Release|Any CPU.ActiveCfg = Release|Any CPU
		{414AF9EA-B914-735D-4243-7E263C07E294}.Release|Any CPU.Build.0 = Release|Any CPU
		{E8FCD1D3-972D-3D9E-69BF-7DE986A17D2D}.Debug|Any CPU.ActiveCfg = Debug|Any CPU
		{E8FCD1D3-972D-3D9E-69BF-7DE986A17D2D}.Debug|Any CPU.Build.0 = Debug|Any CPU
		{E8FCD1D3-972D-3D9E-69BF-7DE986A17D2D}.Release|Any CPU.ActiveCfg = Release|Any CPU
		{E8FCD1D3-972D-3D9E-69BF-7DE986A17D2D}.Release|Any CPU.Build.0 = Release|Any CPU
		{0AE07B4B-6E16-76A1-BA22-C10A0449E47F}.Debug|Any CPU.ActiveCfg = Debug|Any CPU
		{0AE07B4B-6E16-76A1-BA22-C10A0449E47F}.Debug|Any CPU.Build.0 = Debug|Any CPU
		{0AE07B4B-6E16-76A1-BA22-C10A0449E47F}.Release|Any CPU.ActiveCfg = Release|Any CPU
		{0AE07B4B-6E16-76A1-BA22-C10A0449E47F}.Release|Any CPU.Build.0 = Release|Any CPU
	EndGlobalSection
	GlobalSection(SolutionProperties) = preSolution
		HideSolutionNode = FALSE
	EndGlobalSection
	GlobalSection(NestedProjects) = preSolution
		{93316936-9D5D-0036-2CA7-AF22AEE8D561} = {02EA681E-C7D8-13C7-8484-4AC65E1B71E8}
		{CF733890-8174-4983-9587-1A003480F9F6} = {02EA681E-C7D8-13C7-8484-4AC65E1B71E8}
		{05CC6798-57BE-40D4-9A44-BFAB669E70A9} = {02EA681E-C7D8-13C7-8484-4AC65E1B71E8}
		{414AF9EA-B914-735D-4243-7E263C07E294} = {02EA681E-C7D8-13C7-8484-4AC65E1B71E8}
		{E8FCD1D3-972D-3D9E-69BF-7DE986A17D2D} = {1C62FA32-35F3-4731-B294-B246D36315E1}
		{0AE07B4B-6E16-76A1-BA22-C10A0449E47F} = {02EA681E-C7D8-13C7-8484-4AC65E1B71E8}
	EndGlobalSection
	GlobalSection(ExtensibilityGlobals) = postSolution
		SolutionGuid = {719CCDCD-26F6-4004-8FC6-C41976B578F5}
	EndGlobalSection
EndGlobal
